Microsoft Visual Studio Solution File, Format Version 12.00
# Visual Studio Version 17
VisualStudioVersion = 17.5.2.0
MinimumVisualStudioVersion = 10.0.40219.1
Project("{2150E333-8FDC-42A3-9474-1A3956D46DE8}") = "Finished", "Finished", "{B8031A34-B0AE-8DE2-16B1-DD24E562D97B}"
EndProject
Project("{2150E333-8FDC-42A3-9474-1A3956D46DE8}") = "Start", "Start", "{0DDFEE7A-7BCD-3041-7B42-1A6119DEFF0B}"
EndProject
Project("{2150E333-8FDC-42A3-9474-1A3956D46DE8}") = "Interfaces", "Interfaces", "{A20EBDF1-1862-307A-4464-BDCCE9CE9197}"
EndProject
Project("{FAE04EC0-301F-11D3-BF4B-00C04F79EFBC}") = "BasicInterfaces", "Finished\Interfaces\BasicInterfaces\BasicInterfaces.csproj", "{9F5F4B33-0FF6-393C-2161-0685854F0F7B}"
EndProject
Project("{FAE04EC0-301F-11D3-BF4B-00C04F79EFBC}") = "ExplicitInterfaces", "Finished\Interfaces\ExplicitInterfaces\ExplicitInterfaces.csproj", "{CC640E99-61E3-1631-4E51-1A5DF34ED1EB}"
EndProject
Project("{FAE04EC0-301F-11D3-BF4B-00C04F79EFBC}") = "NETInterfaces", "Finished\Interfaces\NETInterfaces\NETInterfaces.csproj", "{C128C155-62B3-78E4-DC19-BA0D846826E6}"
EndProject
Project("{FAE04EC0-301F-11D3-BF4B-00C04F79EFBC}") = "CastingInterfaces", "Finished\Interfaces\CastingInterfaces\CastingInterfaces.csproj", "{03000F55-03FB-0716-6235-63240D9D0CE3}"
EndProject
Project("{FAE04EC0-301F-11D3-BF4B-00C04F79EFBC}") = "MultipleInterfaces", "Finished\Interfaces\MultipleInterfaces\MultipleInterfaces.csproj", "{DD391984-6375-249B-4954-F30AFB3970E5}"
EndProject
Project("{2150E333-8FDC-42A3-9474-1A3956D46DE8}") = "Events", "Events", "{AC88E133-02F6-4E48-C853-5A4E67997734}"
EndProject
Project("{FAE04EC0-301F-11D3-BF4B-00C04F79EFBC}") = "EventChallenge", "Finished\Events\EventChallenge\EventChallenge.csproj", "{BC8D3271-6CE3-FFEA-D260-BC61AE45AA9F}"
EndProject
Project("{FAE04EC0-301F-11D3-BF4B-00C04F79EFBC}") = "BasicEvents", "Finished\Events\BasicEvents\BasicEvents.csproj", "{E4BCA337-3D68-21DE-7E58-F4951F0D8ED4}"
EndProject
Project("{FAE04EC0-301F-11D3-BF4B-00C04F79EFBC}") = "ChainedEvents", "Finished\Events\ChainedEvents\ChainedEvents.csproj", "{A85043D8-231E-B618-C92A-20D7B68B6868}"
EndProject
Project("{2150E333-8FDC-42A3-9474-1A3956D46DE8}") = "Delegates", "Delegates", "{244BBC4E-50A6-7725-7B4D-F89C5CC52708}"
EndProject
Project("{FAE04EC0-301F-11D3-BF4B-00C04F79EFBC}") = "BasicDelegates", "Finished\Delegates\BasicDelegates\BasicDelegates.csproj", "{D41D4705-987B-77A2-8E2B-9A082A4456EC}"
EndProject
Project("{FAE04EC0-301F-11D3-BF4B-00C04F79EFBC}") = "ComposableDelegates", "Finished\Delegates\ComposableDelegates\ComposableDelegates.csproj", "{A7361EE1-6149-BE94-F2E1-8A21B4BBA3E1}"
EndProject
Project("{FAE04EC0-301F-11D3-BF4B-00C04F79EFBC}") = "AnonymousDelegates", "Finished\Delegates\AnonymousDelegates\AnonymousDelegates.csproj", "{BA022CC2-CC82-29CE-E962-55820B8173DF}"
EndProject
Project("{2150E333-8FDC-42A3-9474-1A3956D46DE8}") = "Language", "Language", "{9A81177F-3937-424E-0B63-5BA4EEA2D830}"
EndProject
Project("{FAE04EC0-301F-11D3-BF4B-00C04F79EFBC}") = "NullOperator", "Finished\Language\NullOperator\NullOperator.csproj", "{003F29C7-36D8-6742-483A-A0619F84804F}"
EndProject
Project("{FAE04EC0-301F-11D3-BF4B-00C04F79EFBC}") = "DeconstructTuples", "Finished\Language\DeconstructTuples\DeconstructTuples.csproj", "{41D76309-696E-C6E9-3669-CEE425A01420}"
EndProject
Project("{FAE04EC0-301F-11D3-BF4B-00C04F79EFBC}") = "DeconstructCustom", "Finished\Language\DeconstructCustom\DeconstructCustom.csproj", "{09C46677-3AFC-A9D9-DD4A-874452A82620}"
EndProject
Project("{FAE04EC0-301F-11D3-BF4B-00C04F79EFBC}") = "IndexesRanges", "Finished\Language\IndexesRanges\IndexesRanges.csproj", "{CA72161C-F606-7FA4-7259-6B0527F4D46B}"
EndProject
Project("{FAE04EC0-301F-11D3-BF4B-00C04F79EFBC}") = "LiteralNumbers", "Finished\Language\LiteralNumbers\LiteralNumbers.csproj", "{6088E083-A2D3-3EF9-9558-454626939FF8}"
EndProject
Project("{FAE04EC0-301F-11D3-BF4B-00C04F79EFBC}") = "Indexers", "Finished\Language\Indexers\Indexers.csproj", "{6B2176FF-AE79-DEF9-15C5-8CF15913D34E}"
EndProject
Project("{2150E333-8FDC-42A3-9474-1A3956D46DE8}") = "Lambdas", "Lambdas", "{9CE8C1A5-885C-F0FA-4F80-C387E707315C}"
EndProject
Project("{FAE04EC0-301F-11D3-BF4B-00C04F79EFBC}") = "BasicLambdas", "Finished\Lambdas\BasicLambdas\BasicLambdas.csproj", "{DCA8C5CB-F17C-A37C-7834-27D16DC2B9C6}"
EndProject
Project("{FAE04EC0-301F-11D3-BF4B-00C04F79EFBC}") = "LambdaChallenge", "Finished\Lambdas\LambdaChallenge\LambdaChallenge.csproj", "{8B8D8669-61D9-8214-A36B-EA7CB8D3D73C}"
EndProject
Project("{FAE04EC0-301F-11D3-BF4B-00C04F79EFBC}") = "LambdaDelegates", "Finished\Lambdas\LambdaDelegates\LambdaDelegates.csproj", "{3B16CD5D-CE38-84C7-9AE5-202EE543BE43}"
EndProject
Project("{2150E333-8FDC-42A3-9474-1A3956D46DE8}") = "PatternMatching", "PatternMatching", "{7755C28A-B4E4-6BBC-1C3C-B306F511FF6E}"
EndProject
Project("{FAE04EC0-301F-11D3-BF4B-00C04F79EFBC}") = "SwitchExpr", "Finished\PatternMatching\SwitchExpr\SwitchExpr.csproj", "{93DDF5A5-A1CB-6442-FBAC-94ED5175373E}"
EndProject
Project("{FAE04EC0-301F-11D3-BF4B-00C04F79EFBC}") = "PositionalPatterns", "Finished\PatternMatching\PositionalPatterns\PositionalPatterns.csproj", "{B8B16526-2C75-ED9E-B393-49A0A68652A2}"
EndProject
Project("{FAE04EC0-301F-11D3-BF4B-00C04F79EFBC}") = "BasicPatterns", "Finished\PatternMatching\BasicPatterns\BasicPatterns.csproj", "{9BF04116-72DC-5575-72AC-FBCA850B258A}"
EndProject
Project("{FAE04EC0-301F-11D3-BF4B-00C04F79EFBC}") = "RelationalPatterns", "Finished\PatternMatching\RelationalPatterns\RelationalPatterns.csproj", "{D6253DD0-038E-1381-6F39-345025606DC1}"
EndProject
Project("{2150E333-8FDC-42A3-9474-1A3956D46DE8}") = "Interfaces", "Interfaces", "{33D4197C-9674-6ADC-FD80-5B7DB0A0F755}"
EndProject
Project("{FAE04EC0-301F-11D3-BF4B-00C04F79EFBC}") = "BasicInterfaces", "Start\Interfaces\BasicInterfaces\BasicInterfaces.csproj", "{921C792C-17A8-A35A-D386-FC36617423F0}"
EndProject
Project("{FAE04EC0-301F-11D3-BF4B-00C04F79EFBC}") = "ExplicitInterfaces", "Start\Interfaces\ExplicitInterfaces\ExplicitInterfaces.csproj", "{B506F17D-CA6A-7543-C4BD-0CED4FB08CE8}"
EndProject
Project("{FAE04EC0-301F-11D3-BF4B-00C04F79EFBC}") = "NETInterfaces", "Start\Interfaces\NETInterfaces\NETInterfaces.csproj", "{15C03B0A-91D6-A216-28DA-19A7481672AC}"
EndProject
Project("{FAE04EC0-301F-11D3-BF4B-00C04F79EFBC}") = "CastingInterfaces", "Start\Interfaces\CastingInterfaces\CastingInterfaces.csproj", "{45472710-C70A-7553-4352-D424C7F00DA2}"
EndProject
Project("{FAE04EC0-301F-11D3-BF4B-00C04F79EFBC}") = "MultipleInterfaces", "Start\Interfaces\MultipleInterfaces\MultipleInterfaces.csproj", "{EC0F415C-9F40-9C72-5F5D-0BD2A56E1964}"
EndProject
Project("{2150E333-8FDC-42A3-9474-1A3956D46DE8}") = "Events", "Events", "{0EA632E0-3ED9-6A24-1253-0E71635D5C25}"
EndProject
Project("{FAE04EC0-301F-11D3-BF4B-00C04F79EFBC}") = "EventChallenge", "Start\Events\EventChallenge\EventChallenge.csproj", "{59014617-6445-11BA-9CDA-B5F9DA9B87A0}"
EndProject
Project("{FAE04EC0-301F-11D3-BF4B-00C04F79EFBC}") = "BasicEvents", "Start\Events\BasicEvents\BasicEvents.csproj", "{921CE8DA-19B1-7E15-D250-80CFCD62FB0F}"
EndProject
Project("{FAE04EC0-301F-11D3-BF4B-00C04F79EFBC}") = "ChainedEvents", "Start\Events\ChainedEvents\ChainedEvents.csproj", "{8036FC84-0B0D-5790-1AF9-E0C8A6E8D8A6}"
EndProject
Project("{2150E333-8FDC-42A3-9474-1A3956D46DE8}") = "Delegates", "Delegates", "{EC19B73E-43B6-4C3A-8AF6-3438A5003316}"
EndProject
Project("{FAE04EC0-301F-11D3-BF4B-00C04F79EFBC}") = "BasicDelegates", "Start\Delegates\BasicDelegates\BasicDelegates.csproj", "{93D04B85-92F1-DD66-9372-C8A5F976325F}"
EndProject
Project("{FAE04EC0-301F-11D3-BF4B-00C04F79EFBC}") = "ComposableDelegates", "Start\Delegates\ComposableDelegates\ComposableDelegates.csproj", "{AC78D1FD-54E7-A161-1780-BED0EFF38244}"
EndProject
Project("{FAE04EC0-301F-11D3-BF4B-00C04F79EFBC}") = "AnonymousDelegates", "Start\Delegates\AnonymousDelegates\AnonymousDelegates.csproj", "{25E4C8DE-8AC5-A910-5040-27440ABD4E7F}"
EndProject
Project("{2150E333-8FDC-42A3-9474-1A3956D46DE8}") = "Language", "Language", "{F381752D-69D5-9FFB-93DA-E548B2304A05}"
EndProject
Project("{FAE04EC0-301F-11D3-BF4B-00C04F79EFBC}") = "NullOperator", "Start\Language\NullOperator\NullOperator.csproj", "{B97D1274-1F26-5453-D4F5-74FD80B047C2}"
EndProject
Project("{FAE04EC0-301F-11D3-BF4B-00C04F79EFBC}") = "DeconstructTuples", "Start\Language\DeconstructTuples\DeconstructTuples.csproj", "{1D45B107-0BED-1105-5003-8BA86C8709FE}"
EndProject
Project("{FAE04EC0-301F-11D3-BF4B-00C04F79EFBC}") = "DeconstructCustom", "Start\Language\DeconstructCustom\DeconstructCustom.csproj", "{961A4F4A-F259-200D-667E-15008D6F649C}"
EndProject
Project("{FAE04EC0-301F-11D3-BF4B-00C04F79EFBC}") = "IndexesRanges", "Start\Language\IndexesRanges\IndexesRanges.csproj", "{E573EBDB-4511-3E9A-C098-C569396816E7}"
EndProject
Project("{FAE04EC0-301F-11D3-BF4B-00C04F79EFBC}") = "LiteralNumbers", "Start\Language\LiteralNumbers\LiteralNumbers.csproj", "{D5B2429D-11BF-8782-8B8B-83B3FEAD7362}"
EndProject
Project("{FAE04EC0-301F-11D3-BF4B-00C04F79EFBC}") = "Indexers", "Start\Language\Indexers\Indexers.csproj", "{8E17FFDE-D8C7-8F47-045C-5A6EC6CDE098}"
EndProject
Project("{2150E333-8FDC-42A3-9474-1A3956D46DE8}") = "Lambdas", "Lambdas", "{F11EF91A-DA1E-9ED0-E0BC-558F5DECF154}"
EndProject
Project("{FAE04EC0-301F-11D3-BF4B-00C04F79EFBC}") = "BasicLambdas", "Start\Lambdas\BasicLambdas\BasicLambdas.csproj", "{F9E1B999-37C4-4E93-F366-5996E6A8F61E}"
EndProject
Project("{FAE04EC0-301F-11D3-BF4B-00C04F79EFBC}") = "LambdaChallenge", "Start\Lambdas\LambdaChallenge\LambdaChallenge.csproj", "{38E2A42B-4F02-A52B-804A-F357E7E11F49}"
EndProject
Project("{FAE04EC0-301F-11D3-BF4B-00C04F79EFBC}") = "LambdaDelegates", "Start\Lambdas\LambdaDelegates\LambdaDelegates.csproj", "{5A5FA4E3-BC3F-233A-03C0-070C82182A55}"
EndProject
Project("{2150E333-8FDC-42A3-9474-1A3956D46DE8}") = "PatternMatching", "PatternMatching", "{E64FB80C-C248-5457-8280-7E1BF7A74BBA}"
EndProject
Project("{FAE04EC0-301F-11D3-BF4B-00C04F79EFBC}") = "SwitchExpr", "Start\PatternMatching\SwitchExpr\SwitchExpr.csproj", "{D6984E47-D39F-A945-8F57-67CA9A791D9A}"
EndProject
Project("{FAE04EC0-301F-11D3-BF4B-00C04F79EFBC}") = "PositionalPatterns", "Start\PatternMatching\PositionalPatterns\PositionalPatterns.csproj", "{A3FAE6AE-4C28-B021-7489-0198BD0023E9}"
EndProject
Project("{FAE04EC0-301F-11D3-BF4B-00C04F79EFBC}") = "BasicPatterns", "Start\PatternMatching\BasicPatterns\BasicPatterns.csproj", "{2810B683-537F-BDC6-C7A1-1E88B87F70FE}"
EndProject
Project("{FAE04EC0-301F-11D3-BF4B-00C04F79EFBC}") = "RelationalPatterns", "Start\PatternMatching\RelationalPatterns\RelationalPatterns.csproj", "{5D71B478-CCD0-BE29-629C-47FCC69F0E17}"
EndProject
Global
	GlobalSection(SolutionConfigurationPlatforms) = preSolution
		Debug|Any CPU = Debug|Any CPU
		Release|Any CPU = Release|Any CPU
	EndGlobalSection
	GlobalSection(ProjectConfigurationPlatforms) = postSolution
		{9F5F4B33-0FF6-393C-2161-0685854F0F7B}.Debug|Any CPU.ActiveCfg = Debug|Any CPU
		{9F5F4B33-0FF6-393C-2161-0685854F0F7B}.Debug|Any CPU.Build.0 = Debug|Any CPU
		{9F5F4B33-0FF6-393C-2161-0685854F0F7B}.Release|Any CPU.ActiveCfg = Release|Any CPU
		{9F5F4B33-0FF6-393C-2161-0685854F0F7B}.Release|Any CPU.Build.0 = Release|Any CPU
		{CC640E99-61E3-1631-4E51-1A5DF34ED1EB}.Debug|Any CPU.ActiveCfg = Debug|Any CPU
		{CC640E99-61E3-1631-4E51-1A5DF34ED1EB}.Debug|Any CPU.Build.0 = Debug|Any CPU
		{CC640E99-61E3-1631-4E51-1A5DF34ED1EB}.Release|Any CPU.ActiveCfg = Release|Any CPU
		{CC640E99-61E3-1631-4E51-1A5DF34ED1EB}.Release|Any CPU.Build.0 = Release|Any CPU
		{C128C155-62B3-78E4-DC19-BA0D846826E6}.Debug|Any CPU.ActiveCfg = Debug|Any CPU
		{C128C155-62B3-78E4-DC19-BA0D846826E6}.Debug|Any CPU.Build.0 = Debug|Any CPU
		{C128C155-62B3-78E4-DC19-BA0D846826E6}.Release|Any CPU.ActiveCfg = Release|Any CPU
		{C128C155-62B3-78E4-DC19-BA0D846826E6}.Release|Any CPU.Build.0 = Release|Any CPU
		{03000F55-03FB-0716-6235-63240D9D0CE3}.Debug|Any CPU.ActiveCfg = Debug|Any CPU
		{03000F55-03FB-0716-6235-63240D9D0CE3}.Debug|Any CPU.Build.0 = Debug|Any CPU
		{03000F55-03FB-0716-6235-63240D9D0CE3}.Release|Any CPU.ActiveCfg = Release|Any CPU
		{03000F55-03FB-0716-6235-63240D9D0CE3}.Release|Any CPU.Build.0 = Release|Any CPU
		{DD391984-6375-249B-4954-F30AFB3970E5}.Debug|Any CPU.ActiveCfg = Debug|Any CPU
		{DD391984-6375-249B-4954-F30AFB3970E5}.Debug|Any CPU.Build.0 = Debug|Any CPU
		{DD391984-6375-249B-4954-F30AFB3970E5}.Release|Any CPU.ActiveCfg = Release|Any CPU
		{DD391984-6375-249B-4954-F30AFB3970E5}.Release|Any CPU.Build.0 = Release|Any CPU
		{BC8D3271-6CE3-FFEA-D260-BC61AE45AA9F}.Debug|Any CPU.ActiveCfg = Debug|Any CPU
		{BC8D3271-6CE3-FFEA-D260-BC61AE45AA9F}.Debug|Any CPU.Build.0 = Debug|Any CPU
		{BC8D3271-6CE3-FFEA-D260-BC61AE45AA9F}.Release|Any CPU.ActiveCfg = Release|Any CPU
		{BC8D3271-6CE3-FFEA-D260-BC61AE45AA9F}.Release|Any CPU.Build.0 = Release|Any CPU
		{E4BCA337-3D68-21DE-7E58-F4951F0D8ED4}.Debug|Any CPU.ActiveCfg = Debug|Any CPU
		{E4BCA337-3D68-21DE-7E58-F4951F0D8ED4}.Debug|Any CPU.Build.0 = Debug|Any CPU
		{E4BCA337-3D68-21DE-7E58-F4951F0D8ED4}.Release|Any CPU.ActiveCfg = Release|Any CPU
		{E4BCA337-3D68-21DE-7E58-F4951F0D8ED4}.Release|Any CPU.Build.0 = Release|Any CPU
		{A85043D8-231E-B618-C92A-20D7B68B6868}.Debug|Any CPU.ActiveCfg = Debug|Any CPU
		{A85043D8-231E-B618-C92A-20D7B68B6868}.Debug|Any CPU.Build.0 = Debug|Any CPU
		{A85043D8-231E-B618-C92A-20D7B68B6868}.Release|Any CPU.ActiveCfg = Release|Any CPU
		{A85043D8-231E-B618-C92A-20D7B68B6868}.Release|Any CPU.Build.0 = Release|Any CPU
		{D41D4705-987B-77A2-8E2B-9A082A4456EC}.Debug|Any CPU.ActiveCfg = Debug|Any CPU
		{D41D4705-987B-77A2-8E2B-9A082A4456EC}.Debug|Any CPU.Build.0 = Debug|Any CPU
		{D41D4705-987B-77A2-8E2B-9A082A4456EC}.Release|Any CPU.ActiveCfg = Release|Any CPU
		{D41D4705-987B-77A2-8E2B-9A082A4456EC}.Release|Any CPU.Build.0 = Release|Any CPU
		{A7361EE1-6149-BE94-F2E1-8A21B4BBA3E1}.Debug|Any CPU.ActiveCfg = Debug|Any CPU
		{A7361EE1-6149-BE94-F2E1-8A21B4BBA3E1}.Debug|Any CPU.Build.0 = Debug|Any CPU
		{A7361EE1-6149-BE94-F2E1-8A21B4BBA3E1}.Release|Any CPU.ActiveCfg = Release|Any CPU
		{A7361EE1-6149-BE94-F2E1-8A21B4BBA3E1}.Release|Any CPU.Build.0 = Release|Any CPU
		{BA022CC2-CC82-29CE-E962-55820B8173DF}.Debug|Any CPU.ActiveCfg = Debug|Any CPU
		{BA022CC2-CC82-29CE-E962-55820B8173DF}.Debug|Any CPU.Build.0 = Debug|Any CPU
		{BA022CC2-CC82-29CE-E962-55820B8173DF}.Release|Any CPU.ActiveCfg = Release|Any CPU
		{BA022CC2-CC82-29CE-E962-55820B8173DF}.Release|Any CPU.Build.0 = Release|Any CPU
		{003F29C7-36D8-6742-483A-A0619F84804F}.Debug|Any CPU.ActiveCfg = Debug|Any CPU
		{003F29C7-36D8-6742-483A-A0619F84804F}.Debug|Any CPU.Build.0 = Debug|Any CPU
		{003F29C7-36D8-6742-483A-A0619F84804F}.Release|Any CPU.ActiveCfg = Release|Any CPU
		{003F29C7-36D8-6742-483A-A0619F84804F}.Release|Any CPU.Build.0 = Release|Any CPU
		{41D76309-696E-C6E9-3669-CEE425A01420}.Debug|Any CPU.ActiveCfg = Debug|Any CPU
		{41D76309-696E-C6E9-3669-CEE425A01420}.Debug|Any CPU.Build.0 = Debug|Any CPU
		{41D76309-696E-C6E9-3669-CEE425A01420}.Release|Any CPU.ActiveCfg = Release|Any CPU
		{41D76309-696E-C6E9-3669-CEE425A01420}.Release|Any CPU.Build.0 = Release|Any CPU
		{09C46677-3AFC-A9D9-DD4A-874452A82620}.Debug|Any CPU.ActiveCfg = Debug|Any CPU
		{09C46677-3AFC-A9D9-DD4A-874452A82620}.Debug|Any CPU.Build.0 = Debug|Any CPU
		{09C46677-3AFC-A9D9-DD4A-874452A82620}.Release|Any CPU.ActiveCfg = Release|Any CPU
		{09C46677-3AFC-A9D9-DD4A-874452A82620}.Release|Any CPU.Build.0 = Release|Any CPU
		{CA72161C-F606-7FA4-7259-6B0527F4D46B}.Debug|Any CPU.ActiveCfg = Debug|Any CPU
		{CA72161C-F606-7FA4-7259-6B0527F4D46B}.Debug|Any CPU.Build.0 = Debug|Any CPU
		{CA72161C-F606-7FA4-7259-6B0527F4D46B}.Release|Any CPU.ActiveCfg = Release|Any CPU
		{CA72161C-F606-7FA4-7259-6B0527F4D46B}.Release|Any CPU.Build.0 = Release|Any CPU
		{6088E083-A2D3-3EF9-9558-454626939FF8}.Debug|Any CPU.ActiveCfg = Debug|Any CPU
		{6088E083-A2D3-3EF9-9558-454626939FF8}.Debug|Any CPU.Build.0 = Debug|Any CPU
		{6088E083-A2D3-3EF9-9558-454626939FF8}.Release|Any CPU.ActiveCfg = Release|Any CPU
		{6088E083-A2D3-3EF9-9558-454626939FF8}.Release|Any CPU.Build.0 = Release|Any CPU
		{6B2176FF-AE79-DEF9-15C5-8CF15913D34E}.Debug|Any CPU.ActiveCfg = Debug|Any CPU
		{6B2176FF-AE79-DEF9-15C5-8CF15913D34E}.Debug|Any CPU.Build.0 = Debug|Any CPU
		{6B2176FF-AE79-DEF9-15C5-8CF15913D34E}.Release|Any CPU.ActiveCfg = Release|Any CPU
		{6B2176FF-AE79-DEF9-15C5-8CF15913D34E}.Release|Any CPU.Build.0 = Release|Any CPU
		{DCA8C5CB-F17C-A37C-7834-27D16DC2B9C6}.Debug|Any CPU.ActiveCfg = Debug|Any CPU
		{DCA8C5CB-F17C-A37C-7834-27D16DC2B9C6}.Debug|Any CPU.Build.0 = Debug|Any CPU
		{DCA8C5CB-F17C-A37C-7834-27D16DC2B9C6}.Release|Any CPU.ActiveCfg = Release|Any CPU
		{DCA8C5CB-F17C-A37C-7834-27D16DC2B9C6}.Release|Any CPU.Build.0 = Release|Any CPU
		{8B8D8669-61D9-8214-A36B-EA7CB8D3D73C}.Debug|Any CPU.ActiveCfg = Debug|Any CPU
		{8B8D8669-61D9-8214-A36B-EA7CB8D3D73C}.Debug|Any CPU.Build.0 = Debug|Any CPU
		{8B8D8669-61D9-8214-A36B-EA7CB8D3D73C}.Release|Any CPU.ActiveCfg = Release|Any CPU
		{8B8D8669-61D9-8214-A36B-EA7CB8D3D73C}.Release|Any CPU.Build.0 = Release|Any CPU
		{3B16CD5D-CE38-84C7-9AE5-202EE543BE43}.Debug|Any CPU.ActiveCfg = Debug|Any CPU
		{3B16CD5D-CE38-84C7-9AE5-202EE543BE43}.Debug|Any CPU.Build.0 = Debug|Any CPU
		{3B16CD5D-CE38-84C7-9AE5-202EE543BE43}.Release|Any CPU.ActiveCfg = Release|Any CPU
		{3B16CD5D-CE38-84C7-9AE5-202EE543BE43}.Release|Any CPU.Build.0 = Release|Any CPU
		{93DDF5A5-A1CB-6442-FBAC-94ED5175373E}.Debug|Any CPU.ActiveCfg = Debug|Any CPU
		{93DDF5A5-A1CB-6442-FBAC-94ED5175373E}.Debug|Any CPU.Build.0 = Debug|Any CPU
		{93DDF5A5-A1CB-6442-FBAC-94ED5175373E}.Release|Any CPU.ActiveCfg = Release|Any CPU
		{93DDF5A5-A1CB-6442-FBAC-94ED5175373E}.Release|Any CPU.Build.0 = Release|Any CPU
		{B8B16526-2C75-ED9E-B393-49A0A68652A2}.Debug|Any CPU.ActiveCfg = Debug|Any CPU
		{B8B16526-2C75-ED9E-B393-49A0A68652A2}.Debug|Any CPU.Build.0 = Debug|Any CPU
		{B8B16526-2C75-ED9E-B393-49A0A68652A2}.Release|Any CPU.ActiveCfg = Release|Any CPU
		{B8B16526-2C75-ED9E-B393-49A0A68652A2}.Release|Any CPU.Build.0 = Release|Any CPU
		{9BF04116-72DC-5575-72AC-FBCA850B258A}.Debug|Any CPU.ActiveCfg = Debug|Any CPU
		{9BF04116-72DC-5575-72AC-FBCA850B258A}.Debug|Any CPU.Build.0 = Debug|Any CPU
		{9BF04116-72DC-5575-72AC-FBCA850B258A}.Release|Any CPU.ActiveCfg = Release|Any CPU
		{9BF04116-72DC-5575-72AC-FBCA850B258A}.Release|Any CPU.Build.0 = Release|Any CPU
		{D6253DD0-038E-1381-6F39-345025606DC1}.Debug|Any CPU.ActiveCfg = Debug|Any CPU
		{D6253DD0-038E-1381-6F39-345025606DC1}.Debug|Any CPU.Build.0 = Debug|Any CPU
		{D6253DD0-038E-1381-6F39-345025606DC1}.Release|Any CPU.ActiveCfg = Release|Any CPU
		{D6253DD0-038E-1381-6F39-345025606DC1}.Release|Any CPU.Build.0 = Release|Any CPU
		{921C792C-17A8-A35A-D386-FC36617423F0}.Debug|Any CPU.ActiveCfg = Debug|Any CPU
		{921C792C-17A8-A35A-D386-FC36617423F0}.Debug|Any CPU.Build.0 = Debug|Any CPU
		{921C792C-17A8-A35A-D386-FC36617423F0}.Release|Any CPU.ActiveCfg = Release|Any CPU
		{921C792C-17A8-A35A-D386-FC36617423F0}.Release|Any CPU.Build.0 = Release|Any CPU
		{B506F17D-CA6A-7543-C4BD-0CED4FB08CE8}.Debug|Any CPU.ActiveCfg = Debug|Any CPU
		{B506F17D-CA6A-7543-C4BD-0CED4FB08CE8}.Debug|Any CPU.Build.0 = Debug|Any CPU
		{B506F17D-CA6A-7543-C4BD-0CED4FB08CE8}.Release|Any CPU.ActiveCfg = Release|Any CPU
		{B506F17D-CA6A-7543-C4BD-0CED4FB08CE8}.Release|Any CPU.Build.0 = Release|Any CPU
		{15C03B0A-91D6-A216-28DA-19A7481672AC}.Debug|Any CPU.ActiveCfg = Debug|Any CPU
		{15C03B0A-91D6-A216-28DA-19A7481672AC}.Debug|Any CPU.Build.0 = Debug|Any CPU
		{15C03B0A-91D6-A216-28DA-19A7481672AC}.Release|Any CPU.ActiveCfg = Release|Any CPU
		{15C03B0A-91D6-A216-28DA-19A7481672AC}.Release|Any CPU.Build.0 = Release|Any CPU
		{45472710-C70A-7553-4352-D424C7F00DA2}.Debug|Any CPU.ActiveCfg = Debug|Any CPU
		{45472710-C70A-7553-4352-D424C7F00DA2}.Debug|Any CPU.Build.0 = Debug|Any CPU
		{45472710-C70A-7553-4352-D424C7F00DA2}.Release|Any CPU.ActiveCfg = Release|Any CPU
		{45472710-C70A-7553-4352-D424C7F00DA2}.Release|Any CPU.Build.0 = Release|Any CPU
		{EC0F415C-9F40-9C72-5F5D-0BD2A56E1964}.Debug|Any CPU.ActiveCfg = Debug|Any CPU
		{EC0F415C-9F40-9C72-5F5D-0BD2A56E1964}.Debug|Any CPU.Build.0 = Debug|Any CPU
		{EC0F415C-9F40-9C72-5F5D-0BD2A56E1964}.Release|Any CPU.ActiveCfg = Release|Any CPU
		{EC0F415C-9F40-9C72-5F5D-0BD2A56E1964}.Release|Any CPU.Build.0 = Release|Any CPU
		{59014617-6445-11BA-9CDA-B5F9DA9B87A0}.Debug|Any CPU.ActiveCfg = Debug|Any CPU
		{59014617-6445-11BA-9CDA-B5F9DA9B87A0}.Debug|Any CPU.Build.0 = Debug|Any CPU
		{59014617-6445-11BA-9CDA-B5F9DA9B87A0}.Release|Any CPU.ActiveCfg = Release|Any CPU
		{59014617-6445-11BA-9CDA-B5F9DA9B87A0}.Release|Any CPU.Build.0 = Release|Any CPU
		{921CE8DA-19B1-7E15-D250-80CFCD62FB0F}.Debug|Any CPU.ActiveCfg = Debug|Any CPU
		{921CE8DA-19B1-7E15-D250-80CFCD62FB0F}.Debug|Any CPU.Build.0 = Debug|Any CPU
		{921CE8DA-19B1-7E15-D250-80CFCD62FB0F}.Release|Any CPU.ActiveCfg = Release|Any CPU
		{921CE8DA-19B1-7E15-D250-80CFCD62FB0F}.Release|Any CPU.Build.0 = Release|Any CPU
		{8036FC84-0B0D-5790-1AF9-E0C8A6E8D8A6}.Debug|Any CPU.ActiveCfg = Debug|Any CPU
		{8036FC84-0B0D-5790-1AF9-E0C8A6E8D8A6}.Debug|Any CPU.Build.0 = Debug|Any CPU
		{8036FC84-0B0D-5790-1AF9-E0C8A6E8D8A6}.Release|Any CPU.ActiveCfg = Release|Any CPU
		{8036FC84-0B0D-5790-1AF9-E0C8A6E8D8A6}.Release|Any CPU.Build.0 = Release|Any CPU
		{93D04B85-92F1-DD66-9372-C8A5F976325F}.Debug|Any CPU.ActiveCfg = Debug|Any CPU
		{93D04B85-92F1-DD66-9372-C8A5F976325F}.Debug|Any CPU.Build.0 = Debug|Any CPU
		{93D04B85-92F1-DD66-9372-C8A5F976325F}.Release|Any CPU.ActiveCfg = Release|Any CPU
		{93D04B85-92F1-DD66-9372-C8A5F976325F}.Release|Any CPU.Build.0 = Release|Any CPU
		{AC78D1FD-54E7-A161-1780-BED0EFF38244}.Debug|Any CPU.ActiveCfg = Debug|Any CPU
		{AC78D1FD-54E7-A161-1780-BED0EFF38244}.Debug|Any CPU.Build.0 = Debug|Any CPU
		{AC78D1FD-54E7-A161-1780-BED0EFF38244}.Release|Any CPU.ActiveCfg = Release|Any CPU
		{AC78D1FD-54E7-A161-1780-BED0EFF38244}.Release|Any CPU.Build.0 = Release|Any CPU
		{25E4C8DE-8AC5-A910-5040-27440ABD4E7F}.Debug|Any CPU.ActiveCfg = Debug|Any CPU
		{25E4C8DE-8AC5-A910-5040-27440ABD4E7F}.Debug|Any CPU.Build.0 = Debug|Any CPU
		{25E4C8DE-8AC5-A910-5040-27440ABD4E7F}.Release|Any CPU.ActiveCfg = Release|Any CPU
		{25E4C8DE-8AC5-A910-5040-27440ABD4E7F}.Release|Any CPU.Build.0 = Release|Any CPU
		{B97D1274-1F26-5453-D4F5-74FD80B047C2}.Debug|Any CPU.ActiveCfg = Debug|Any CPU
		{B97D1274-1F26-5453-D4F5-74FD80B047C2}.Debug|Any CPU.Build.0 = Debug|Any CPU
		{B97D1274-1F26-5453-D4F5-74FD80B047C2}.Release|Any CPU.ActiveCfg = Release|Any CPU
		{B97D1274-1F26-5453-D4F5-74FD80B047C2}.Release|Any CPU.Build.0 = Release|Any CPU
		{1D45B107-0BED-1105-5003-8BA86C8709FE}.Debug|Any CPU.ActiveCfg = Debug|Any CPU
		{1D45B107-0BED-1105-5003-8BA86C8709FE}.Debug|Any CPU.Build.0 = Debug|Any CPU
		{1D45B107-0BED-1105-5003-8BA86C8709FE}.Release|Any CPU.ActiveCfg = Release|Any CPU
		{1D45B107-0BED-1105-5003-8BA86C8709FE}.Release|Any CPU.Build.0 = Release|Any CPU
		{961A4F4A-F259-200D-667E-15008D6F649C}.Debug|Any CPU.ActiveCfg = Debug|Any CPU
		{961A4F4A-F259-200D-667E-15008D6F649C}.Debug|Any CPU.Build.0 = Debug|Any CPU
		{961A4F4A-F259-200D-667E-15008D6F649C}.Release|Any CPU.ActiveCfg = Release|Any CPU
		{961A4F4A-F259-200D-667E-15008D6F649C}.Release|Any CPU.Build.0 = Release|Any CPU
		{E573EBDB-4511-3E9A-C098-C569396816E7}.Debug|Any CPU.ActiveCfg = Debug|Any CPU
		{E573EBDB-4511-3E9A-C098-C569396816E7}.Debug|Any CPU.Build.0 = Debug|Any CPU
		{E573EBDB-4511-3E9A-C098-C569396816E7}.Release|Any CPU.ActiveCfg = Release|Any CPU
		{E573EBDB-4511-3E9A-C098-C569396816E7}.Release|Any CPU.Build.0 = Release|Any CPU
		{D5B2429D-11BF-8782-8B8B-83B3FEAD7362}.Debug|Any CPU.ActiveCfg = Debug|Any CPU
		{D5B2429D-11BF-8782-8B8B-83B3FEAD7362}.Debug|Any CPU.Build.0 = Debug|Any CPU
		{D5B2429D-11BF-8782-8B8B-83B3FEAD7362}.Release|Any CPU.ActiveCfg = Release|Any CPU
		{D5B2429D-11BF-8782-8B8B-83B3FEAD7362}.Release|Any CPU.Build.0 = Release|Any CPU
		{8E17FFDE-D8C7-8F47-045C-5A6EC6CDE098}.Debug|Any CPU.ActiveCfg = Debug|Any CPU
		{8E17FFDE-D8C7-8F47-045C-5A6EC6CDE098}.Debug|Any CPU.Build.0 = Debug|Any CPU
		{8E17FFDE-D8C7-8F47-045C-5A6EC6CDE098}.Release|Any CPU.ActiveCfg = Release|Any CPU
		{8E17FFDE-D8C7-8F47-045C-5A6EC6CDE098}.Release|Any CPU.Build.0 = Release|Any CPU
		{F9E1B999-37C4-4E93-F366-5996E6A8F61E}.Debug|Any CPU.ActiveCfg = Debug|Any CPU
		{F9E1B999-37C4-4E93-F366-5996E6A8F61E}.Debug|Any CPU.Build.0 = Debug|Any CPU
		{F9E1B999-37C4-4E93-F366-5996E6A8F61E}.Release|Any CPU.ActiveCfg = Release|Any CPU
		{F9E1B999-37C4-4E93-F366-5996E6A8F61E}.Release|Any CPU.Build.0 = Release|Any CPU
		{38E2A42B-4F02-A52B-804A-F357E7E11F49}.Debug|Any CPU.ActiveCfg = Debug|Any CPU
		{38E2A42B-4F02-A52B-804A-F357E7E11F49}.Debug|Any CPU.Build.0 = Debug|Any CPU
		{38E2A42B-4F02-A52B-804A-F357E7E11F49}.Release|Any CPU.ActiveCfg = Release|Any CPU
		{38E2A42B-4F02-A52B-804A-F357E7E11F49}.Release|Any CPU.Build.0 = Release|Any CPU
		{5A5FA4E3-BC3F-233A-03C0-070C82182A55}.Debug|Any CPU.ActiveCfg = Debug|Any CPU
		{5A5FA4E3-BC3F-233A-03C0-070C82182A55}.Debug|Any CPU.Build.0 = Debug|Any CPU
		{5A5FA4E3-BC3F-233A-03C0-070C82182A55}.Release|Any CPU.ActiveCfg = Release|Any CPU
		{5A5FA4E3-BC3F-233A-03C0-070C82182A55}.Release|Any CPU.Build.0 = Release|Any CPU
		{D6984E47-D39F-A945-8F57-67CA9A791D9A}.Debug|Any CPU.ActiveCfg = Debug|Any CPU
		{D6984E47-D39F-A945-8F57-67CA9A791D9A}.Debug|Any CPU.Build.0 = Debug|Any CPU
		{D6984E47-D39F-A945-8F57-67CA9A791D9A}.Release|Any CPU.ActiveCfg = Release|Any CPU
		{D6984E47-D39F-A945-8F57-67CA9A791D9A}.Release|Any CPU.Build.0 = Release|Any CPU
		{A3FAE6AE-4C28-B021-7489-0198BD0023E9}.Debug|Any CPU.ActiveCfg = Debug|Any CPU
		{A3FAE6AE-4C28-B021-7489-0198BD0023E9}.Debug|Any CPU.Build.0 = Debug|Any CPU
		{A3FAE6AE-4C28-B021-7489-0198BD0023E9}.Release|Any CPU.ActiveCfg = Release|Any CPU
		{A3FAE6AE-4C28-B021-7489-0198BD0023E9}.Release|Any CPU.Build.0 = Release|Any CPU
		{2810B683-537F-BDC6-C7A1-1E88B87F70FE}.Debug|Any CPU.ActiveCfg = Debug|Any CPU
		{2810B683-537F-BDC6-C7A1-1E88B87F70FE}.Debug|Any CPU.Build.0 = Debug|Any CPU
		{2810B683-537F-BDC6-C7A1-1E88B87F70FE}.Release|Any CPU.ActiveCfg = Release|Any CPU
		{2810B683-537F-BDC6-C7A1-1E88B87F70FE}.Release|Any CPU.Build.0 = Release|Any CPU
		{5D71B478-CCD0-BE29-629C-47FCC69F0E17}.Debug|Any CPU.ActiveCfg = Debug|Any CPU
		{5D71B478-CCD0-BE29-629C-47FCC69F0E17}.Debug|Any CPU.Build.0 = Debug|Any CPU
		{5D71B478-CCD0-BE29-629C-47FCC69F0E17}.Release|Any CPU.ActiveCfg = Release|Any CPU
		{5D71B478-CCD0-BE29-629C-47FCC69F0E17}.Release|Any CPU.Build.0 = Release|Any CPU
	EndGlobalSection
	GlobalSection(SolutionProperties) = preSolution
		HideSolutionNode = FALSE
	EndGlobalSection
	GlobalSection(NestedProjects) = preSolution
		{A20EBDF1-1862-307A-4464-BDCCE9CE9197} = {B8031A34-B0AE-8DE2-16B1-DD24E562D97B}
		{9F5F4B33-0FF6-393C-2161-0685854F0F7B} = {A20EBDF1-1862-307A-4464-BDCCE9CE9197}
		{CC640E99-61E3-1631-4E51-1A5DF34ED1EB} = {A20EBDF1-1862-307A-4464-BDCCE9CE9197}
		{C128C155-62B3-78E4-DC19-BA0D846826E6} = {A20EBDF1-1862-307A-4464-BDCCE9CE9197}
		{03000F55-03FB-0716-6235-63240D9D0CE3} = {A20EBDF1-1862-307A-4464-BDCCE9CE9197}
		{DD391984-6375-249B-4954-F30AFB3970E5} = {A20EBDF1-1862-307A-4464-BDCCE9CE9197}
		{AC88E133-02F6-4E48-C853-5A4E67997734} = {B8031A34-B0AE-8DE2-16B1-DD24E562D97B}
		{BC8D3271-6CE3-FFEA-D260-BC61AE45AA9F} = {AC88E133-02F6-4E48-C853-5A4E67997734}
		{E4BCA337-3D68-21DE-7E58-F4951F0D8ED4} = {AC88E133-02F6-4E48-C853-5A4E67997734}
		{A85043D8-231E-B618-C92A-20D7B68B6868} = {AC88E133-02F6-4E48-C853-5A4E67997734}
		{244BBC4E-50A6-7725-7B4D-F89C5CC52708} = {B8031A34-B0AE-8DE2-16B1-DD24E562D97B}
		{D41D4705-987B-77A2-8E2B-9A082A4456EC} = {244BBC4E-50A6-7725-7B4D-F89C5CC52708}
		{A7361EE1-6149-BE94-F2E1-8A21B4BBA3E1} = {244BBC4E-50A6-7725-7B4D-F89C5CC52708}
		{BA022CC2-CC82-29CE-E962-55820B8173DF} = {244BBC4E-50A6-7725-7B4D-F89C5CC52708}
		{9A81177F-3937-424E-0B63-5BA4EEA2D830} = {B8031A34-B0AE-8DE2-16B1-DD24E562D97B}
		{003F29C7-36D8-6742-483A-A0619F84804F} = {9A81177F-3937-424E-0B63-5BA4EEA2D830}
		{41D76309-696E-C6E9-3669-CEE425A01420} = {9A81177F-3937-424E-0B63-5BA4EEA2D830}
		{09C46677-3AFC-A9D9-DD4A-874452A82620} = {9A81177F-3937-424E-0B63-5BA4EEA2D830}
		{CA72161C-F606-7FA4-7259-6B0527F4D46B} = {9A81177F-3937-424E-0B63-5BA4EEA2D830}
		{6088E083-A2D3-3EF9-9558-454626939FF8} = {9A81177F-3937-424E-0B63-5BA4EEA2D830}
		{6B2176FF-AE79-DEF9-15C5-8CF15913D34E} = {9A81177F-3937-424E-0B63-5BA4EEA2D830}
		{9CE8C1A5-885C-F0FA-4F80-C387E707315C} = {B8031A34-B0AE-8DE2-16B1-DD24E562D97B}
		{DCA8C5CB-F17C-A37C-7834-27D16DC2B9C6} = {9CE8C1A5-885C-F0FA-4F80-C387E707315C}
		{8B8D8669-61D9-8214-A36B-EA7CB8D3D73C} = {9CE8C1A5-885C-F0FA-4F80-C387E707315C}
		{3B16CD5D-CE38-84C7-9AE5-202EE543BE43} = {9CE8C1A5-885C-F0FA-4F80-C387E707315C}
		{7755C28A-B4E4-6BBC-1C3C-B306F511FF6E} = {B8031A34-B0AE-8DE2-16B1-DD24E562D97B}
		{93DDF5A5-A1CB-6442-FBAC-94ED5175373E} = {7755C28A-B4E4-6BBC-1C3C-B306F511FF6E}
		{B8B16526-2C75-ED9E-B393-49A0A68652A2} = {7755C28A-B4E4-6BBC-1C3C-B306F511FF6E}
		{9BF04116-72DC-5575-72AC-FBCA850B258A} = {7755C28A-B4E4-6BBC-1C3C-B306F511FF6E}
		{D6253DD0-038E-1381-6F39-345025606DC1} = {7755C28A-B4E4-6BBC-1C3C-B306F511FF6E}
		{33D4197C-9674-6ADC-FD80-5B7DB0A0F755} = {0DDFEE7A-7BCD-3041-7B42-1A6119DEFF0B}
		{921C792C-17A8-A35A-D386-FC36617423F0} = {33D4197C-9674-6ADC-FD80-5B7DB0A0F755}
		{B506F17D-CA6A-7543-C4BD-0CED4FB08CE8} = {33D4197C-9674-6ADC-FD80-5B7DB0A0F755}
		{15C03B0A-91D6-A216-28DA-19A7481672AC} = {33D4197C-9674-6ADC-FD80-5B7DB0A0F755}
		{45472710-C70A-7553-4352-D424C7F00DA2} = {33D4197C-9674-6ADC-FD80-5B7DB0A0F755}
		{EC0F415C-9F40-9C72-5F5D-0BD2A56E1964} = {33D4197C-9674-6ADC-FD80-5B7DB0A0F755}
		{0EA632E0-3ED9-6A24-1253-0E71635D5C25} = {0DDFEE7A-7BCD-3041-7B42-1A6119DEFF0B}
		{59014617-6445-11BA-9CDA-B5F9DA9B87A0} = {0EA632E0-3ED9-6A24-1253-0E71635D5C25}
		{921CE8DA-19B1-7E15-D250-80CFCD62FB0F} = {0EA632E0-3ED9-6A24-1253-0E71635D5C25}
		{8036FC84-0B0D-5790-1AF9-E0C8A6E8D8A6} = {0EA632E0-3ED9-6A24-1253-0E71635D5C25}
		{EC19B73E-43B6-4C3A-8AF6-3438A5003316} = {0DDFEE7A-7BCD-3041-7B42-1A6119DEFF0B}
		{93D04B85-92F1-DD66-9372-C8A5F976325F} = {EC19B73E-43B6-4C3A-8AF6-3438A5003316}
		{AC78D1FD-54E7-A161-1780-BED0EFF38244} = {EC19B73E-43B6-4C3A-8AF6-3438A5003316}
		{25E4C8DE-8AC5-A910-5040-27440ABD4E7F} = {EC19B73E-43B6-4C3A-8AF6-3438A5003316}
		{F381752D-69D5-9FFB-93DA-E548B2304A05} = {0DDFEE7A-7BCD-3041-7B42-1A6119DEFF0B}
		{B97D1274-1F26-5453-D4F5-74FD80B047C2} = {F381752D-69D5-9FFB-93DA-E548B2304A05}
		{1D45B107-0BED-1105-5003-8BA86C8709FE} = {F381752D-69D5-9FFB-93DA-E548B2304A05}
		{961A4F4A-F259-200D-667E-15008D6F649C} = {F381752D-69D5-9FFB-93DA-E548B2304A05}
		{E573EBDB-4511-3E9A-C098-C569396816E7} = {F381752D-69D5-9FFB-93DA-E548B2304A05}
		{D5B2429D-11BF-8782-8B8B-83B3FEAD7362} = {F381752D-69D5-9FFB-93DA-E548B2304A05}
		{8E17FFDE-D8C7-8F47-045C-5A6EC6CDE098} = {F381752D-69D5-9FFB-93DA-E548B2304A05}
		{F11EF91A-DA1E-9ED0-E0BC-558F5DECF154} = {0DDFEE7A-7BCD-3041-7B42-1A6119DEFF0B}
		{F9E1B999-37C4-4E93-F366-5996E6A8F61E} = {F11EF91A-DA1E-9ED0-E0BC-558F5DECF154}
		{38E2A42B-4F02-A52B-804A-F357E7E11F49} = {F11EF91A-DA1E-9ED0-E0BC-558F5DECF154}
		{5A5FA4E3-BC3F-233A-03C0-070C82182A55} = {F11EF91A-DA1E-9ED0-E0BC-558F5DECF154}
		{E64FB80C-C248-5457-8280-7E1BF7A74BBA} = {0DDFEE7A-7BCD-3041-7B42-1A6119DEFF0B}
		{D6984E47-D39F-A945-8F57-67CA9A791D9A} = {E64FB80C-C248-5457-8280-7E1BF7A74BBA}
		{A3FAE6AE-4C28-B021-7489-0198BD0023E9} = {E64FB80C-C248-5457-8280-7E1BF7A74BBA}
		{2810B683-537F-BDC6-C7A1-1E88B87F70FE} = {E64FB80C-C248-5457-8280-7E1BF7A74BBA}
		{5D71B478-CCD0-BE29-629C-47FCC69F0E17} = {E64FB80C-C248-5457-8280-7E1BF7A74BBA}
	EndGlobalSection
	GlobalSection(ExtensibilityGlobals) = postSolution
		SolutionGuid = {52AC45C6-C3B4-40C7-B91B-F06A4E7DE9FC}
	EndGlobalSection
EndGlobal
